
Microsoft Visual Studio Solution File, Format Version 12.00
# Visual Studio 15
Project("{FAE04EC0-301F-11D3-BF4B-00C04F79EFBC}") = "Assembly-CSharp", "Assembly-CSharp.csproj", "{34CFE6D6-3E2C-33AE-D8E1-E7C044536C6B}"
EndProject
Project("{FAE04EC0-301F-11D3-BF4B-00C04F79EFBC}") = "SteamVR", "SteamVR.csproj", "{A26C83D6-E230-FE37-A673-11A522FA13BA}"
EndProject
Project("{FAE04EC0-301F-11D3-BF4B-00C04F79EFBC}") = "Assembly-CSharp-firstpass", "Assembly-CSharp-firstpass.csproj", "{5B0F860D-BAE9-5E96-FD6D-7DBEF69036BE}"
EndProject
Project("{FAE04EC0-301F-11D3-BF4B-00C04F79EFBC}") = "SteamVR_Actions", "SteamVR_Actions.csproj", "{2B06258C-DDDA-A25B-828D-355B7A50ACAC}"
EndProject
Project("{FAE04EC0-301F-11D3-BF4B-00C04F79EFBC}") = "SteamVR_Editor", "SteamVR_Editor.csproj", "{E121D178-3E85-49A5-72E8-CF5C61D270A8}"
EndProject
Project("{FAE04EC0-301F-11D3-BF4B-00C04F79EFBC}") = "Assembly-CSharp-Editor", "Assembly-CSharp-Editor.csproj", "{5ADD64EB-C582-F1B5-FF9C-B2E6CFF8237F}"
EndProject
Project("{FAE04EC0-301F-11D3-BF4B-00C04F79EFBC}") = "Assembly-CSharp-Editor-firstpass", "Assembly-CSharp-Editor-firstpass.csproj", "{7317D44F-4F05-E079-3007-108D9097F980}"
EndProject
Project("{FAE04EC0-301F-11D3-BF4B-00C04F79EFBC}") = "SteamVR_Input_Editor", "SteamVR_Input_Editor.csproj", "{21C47BA9-E023-656A-5497-86ABB567BB06}"
EndProject
Project("{FAE04EC0-301F-11D3-BF4B-00C04F79EFBC}") = "SteamVR_Windows_EditorHelper", "SteamVR_Windows_EditorHelper.csproj", "{80542852-FC76-A560-B148-BF1B1EFB4C01}"
EndProject
Global
	GlobalSection(SolutionConfigurationPlatforms) = preSolution
		Debug|Any CPU = Debug|Any CPU
		Release|Any CPU = Release|Any CPU
	EndGlobalSection
	GlobalSection(ProjectConfigurationPlatforms) = postSolution
		{34CFE6D6-3E2C-33AE-D8E1-E7C044536C6B}.Debug|Any CPU.ActiveCfg = Debug|Any CPU
		{34CFE6D6-3E2C-33AE-D8E1-E7C044536C6B}.Debug|Any CPU.Build.0 = Debug|Any CPU
		{34CFE6D6-3E2C-33AE-D8E1-E7C044536C6B}.Release|Any CPU.ActiveCfg = Release|Any CPU
		{34CFE6D6-3E2C-33AE-D8E1-E7C044536C6B}.Release|Any CPU.Build.0 = Release|Any CPU
		{A26C83D6-E230-FE37-A673-11A522FA13BA}.Debug|Any CPU.ActiveCfg = Debug|Any CPU
		{A26C83D6-E230-FE37-A673-11A522FA13BA}.Debug|Any CPU.Build.0 = Debug|Any CPU
		{A26C83D6-E230-FE37-A673-11A522FA13BA}.Release|Any CPU.ActiveCfg = Release|Any CPU
		{A26C83D6-E230-FE37-A673-11A522FA13BA}.Release|Any CPU.Build.0 = Release|Any CPU
		{5B0F860D-BAE9-5E96-FD6D-7DBEF69036BE}.Debug|Any CPU.ActiveCfg = Debug|Any CPU
		{5B0F860D-BAE9-5E96-FD6D-7DBEF69036BE}.Debug|Any CPU.Build.0 = Debug|Any CPU
		{5B0F860D-BAE9-5E96-FD6D-7DBEF69036BE}.Release|Any CPU.ActiveCfg = Release|Any CPU
		{5B0F860D-BAE9-5E96-FD6D-7DBEF69036BE}.Release|Any CPU.Build.0 = Release|Any CPU
		{2B06258C-DDDA-A25B-828D-355B7A50ACAC}.Debug|Any CPU.ActiveCfg = Debug|Any CPU
		{2B06258C-DDDA-A25B-828D-355B7A50ACAC}.Debug|Any CPU.Build.0 = Debug|Any CPU
		{2B06258C-DDDA-A25B-828D-355B7A50ACAC}.Release|Any CPU.ActiveCfg = Release|Any CPU
		{2B06258C-DDDA-A25B-828D-355B7A50ACAC}.Release|Any CPU.Build.0 = Release|Any CPU
		{E121D178-3E85-49A5-72E8-CF5C61D270A8}.Debug|Any CPU.ActiveCfg = Debug|Any CPU
		{E121D178-3E85-49A5-72E8-CF5C61D270A8}.Debug|Any CPU.Build.0 = Debug|Any CPU
		{E121D178-3E85-49A5-72E8-CF5C61D270A8}.Release|Any CPU.ActiveCfg = Release|Any CPU
		{E121D178-3E85-49A5-72E8-CF5C61D270A8}.Release|Any CPU.Build.0 = Release|Any CPU
		{5ADD64EB-C582-F1B5-FF9C-B2E6CFF8237F}.Debug|Any CPU.ActiveCfg = Debug|Any CPU
		{5ADD64EB-C582-F1B5-FF9C-B2E6CFF8237F}.Debug|Any CPU.Build.0 = Debug|Any CPU
		{5ADD64EB-C582-F1B5-FF9C-B2E6CFF8237F}.Release|Any CPU.ActiveCfg = Release|Any CPU
		{5ADD64EB-C582-F1B5-FF9C-B2E6CFF8237F}.Release|Any CPU.Build.0 = Release|Any CPU
		{7317D44F-4F05-E079-3007-108D9097F980}.Debug|Any CPU.ActiveCfg = Debug|Any CPU
		{7317D44F-4F05-E079-3007-108D9097F980}.Debug|Any CPU.Build.0 = Debug|Any CPU
		{7317D44F-4F05-E079-3007-108D9097F980}.Release|Any CPU.ActiveCfg = Release|Any CPU
		{7317D44F-4F05-E079-3007-108D9097F980}.Release|Any CPU.Build.0 = Release|Any CPU
		{21C47BA9-E023-656A-5497-86ABB567BB06}.Debug|Any CPU.ActiveCfg = Debug|Any CPU
		{21C47BA9-E023-656A-5497-86ABB567BB06}.Debug|Any CPU.Build.0 = Debug|Any CPU
		{21C47BA9-E023-656A-5497-86ABB567BB06}.Release|Any CPU.ActiveCfg = Release|Any CPU
		{21C47BA9-E023-656A-5497-86ABB567BB06}.Release|Any CPU.Build.0 = Release|Any CPU
		{80542852-FC76-A560-B148-BF1B1EFB4C01}.Debug|Any CPU.ActiveCfg = Debug|Any CPU
		{80542852-FC76-A560-B148-BF1B1EFB4C01}.Debug|Any CPU.Build.0 = Debug|Any CPU
		{80542852-FC76-A560-B148-BF1B1EFB4C01}.Release|Any CPU.ActiveCfg = Release|Any CPU
		{80542852-FC76-A560-B148-BF1B1EFB4C01}.Release|Any CPU.Build.0 = Release|Any CPU
	EndGlobalSection
	GlobalSection(SolutionProperties) = preSolution
		HideSolutionNode = FALSE
	EndGlobalSection
EndGlobal
